
Microsoft Visual Studio Solution File, Format Version 12.00
# Visual Studio Version 17
VisualStudioVersion = 17.4.33205.214
MinimumVisualStudioVersion = 10.0.40219.1
Project("{2150E333-8FDC-42A3-9474-1A3956D46DE8}") = "Customers", "Customers", "{C499B8A0-18D7-4B86-8BD5-28E3D91B92C8}"
EndProject
Project("{2150E333-8FDC-42A3-9474-1A3956D46DE8}") = "Catalog", "Catalog", "{7F6D712D-2788-44D5-A118-37062675ED61}"
EndProject
Project("{2150E333-8FDC-42A3-9474-1A3956D46DE8}") = "Sales", "Sales", "{3E228C68-B75E-40D8-9688-49C090F06C09}"
EndProject
Project("{2150E333-8FDC-42A3-9474-1A3956D46DE8}") = "Shipping", "Shipping", "{12C3B036-3C01-44A6-A005-C3C8C62CF870}"
EndProject
Project("{2150E333-8FDC-42A3-9474-1A3956D46DE8}") = "Core", "Core", "{FBAC3A45-AAAC-4ED3-84ED-F7118E8D7C2F}"
EndProject
Project("{9A19103F-16F7-4668-BE54-9A1E7A4F7556}") = "Domain", "Domain\Domain.csproj", "{D8F33CFF-D4F7-4074-9FA3-1919A6A9A7E7}"
EndProject
Project("{2150E333-8FDC-42A3-9474-1A3956D46DE8}") = "Tests", "Tests", "{4F34B400-E0B1-4877-AE8E-F7CC4BA6EFC4}"
EndProject
Project("{9A19103F-16F7-4668-BE54-9A1E7A4F7556}") = "DomainTests", "DomainTests\DomainTests.csproj", "{39E974F6-EC37-4F16-A1DD-3849CCF090FD}"
EndProject
Project("{2150E333-8FDC-42A3-9474-1A3956D46DE8}") = "Applications", "Applications", "{7BCD4DB3-08B6-49F9-9068-E86B1634E66D}"
EndProject
Project("{9A19103F-16F7-4668-BE54-9A1E7A4F7556}") = "PublicWebSite", "PublicWebSite\PublicWebSite.csproj", "{A8294693-096A-4AF4-A900-708BE96D8ACB}"
EndProject
Project("{9A19103F-16F7-4668-BE54-9A1E7A4F7556}") = "PrivateWebSite", "PrivateWebSite\PrivateWebSite.csproj", "{8A1FBFF6-AE95-4B29-9C97-F965E10120C8}"
EndProject
Project("{2150E333-8FDC-42A3-9474-1A3956D46DE8}") = "Adapters", "Adapters", "{804D7875-9691-45EC-8AEE-1E2B044B703E}"
EndProject
Project("{9A19103F-16F7-4668-BE54-9A1E7A4F7556}") = "Data", "Data\Data.csproj", "{D592E1A5-2B91-417C-B5A5-0067D48ABCA2}"
EndProject
Project("{9A19103F-16F7-4668-BE54-9A1E7A4F7556}") = "Start", "Start\Start.csproj", "{21B81BFF-FF3C-40E3-BC8D-A2753E9CFDF5}"
EndProject
Project("{9A19103F-16F7-4668-BE54-9A1E7A4F7556}") = "WebAPI", "WebAPI\WebAPI.csproj", "{55D24A85-28D9-444C-AD62-2D19EF0BA185}"
EndProject
Project("{FAE04EC0-301F-11D3-BF4B-00C04F79EFBC}") = "PublicWebSiteTests", "PublicWebSiteTests\PublicWebSiteTests.csproj", "{8C0B9B16-E0E0-4CAF-ACAA-7B27293A0D41}"
EndProject
Global
	GlobalSection(SolutionConfigurationPlatforms) = preSolution
		Debug|Any CPU = Debug|Any CPU
		Release|Any CPU = Release|Any CPU
	EndGlobalSection
	GlobalSection(ProjectConfigurationPlatforms) = postSolution
		{D8F33CFF-D4F7-4074-9FA3-1919A6A9A7E7}.Debug|Any CPU.ActiveCfg = Debug|Any CPU
		{D8F33CFF-D4F7-4074-9FA3-1919A6A9A7E7}.Debug|Any CPU.Build.0 = Debug|Any CPU
		{D8F33CFF-D4F7-4074-9FA3-1919A6A9A7E7}.Release|Any CPU.ActiveCfg = Release|Any CPU
		{D8F33CFF-D4F7-4074-9FA3-1919A6A9A7E7}.Release|Any CPU.Build.0 = Release|Any CPU
		{39E974F6-EC37-4F16-A1DD-3849CCF090FD}.Debug|Any CPU.ActiveCfg = Debug|Any CPU
		{39E974F6-EC37-4F16-A1DD-3849CCF090FD}.Debug|Any CPU.Build.0 = Debug|Any CPU
		{39E974F6-EC37-4F16-A1DD-3849CCF090FD}.Release|Any CPU.ActiveCfg = Release|Any CPU
		{39E974F6-EC37-4F16-A1DD-3849CCF090FD}.Release|Any CPU.Build.0 = Release|Any CPU
		{A8294693-096A-4AF4-A900-708BE96D8ACB}.Debug|Any CPU.ActiveCfg = Debug|Any CPU
		{A8294693-096A-4AF4-A900-708BE96D8ACB}.Debug|Any CPU.Build.0 = Debug|Any CPU
		{A8294693-096A-4AF4-A900-708BE96D8ACB}.Release|Any CPU.ActiveCfg = Release|Any CPU
		{A8294693-096A-4AF4-A900-708BE96D8ACB}.Release|Any CPU.Build.0 = Release|Any CPU
		{8A1FBFF6-AE95-4B29-9C97-F965E10120C8}.Debug|Any CPU.ActiveCfg = Debug|Any CPU
		{8A1FBFF6-AE95-4B29-9C97-F965E10120C8}.Debug|Any CPU.Build.0 = Debug|Any CPU
		{8A1FBFF6-AE95-4B29-9C97-F965E10120C8}.Release|Any CPU.ActiveCfg = Release|Any CPU
		{8A1FBFF6-AE95-4B29-9C97-F965E10120C8}.Release|Any CPU.Build.0 = Release|Any CPU
		{D592E1A5-2B91-417C-B5A5-0067D48ABCA2}.Debug|Any CPU.ActiveCfg = Debug|Any CPU
		{D592E1A5-2B91-417C-B5A5-0067D48ABCA2}.Debug|Any CPU.Build.0 = Debug|Any CPU
		{D592E1A5-2B91-417C-B5A5-0067D48ABCA2}.Release|Any CPU.ActiveCfg = Release|Any CPU
		{D592E1A5-2B91-417C-B5A5-0067D48ABCA2}.Release|Any CPU.Build.0 = Release|Any CPU
		{21B81BFF-FF3C-40E3-BC8D-A2753E9CFDF5}.Debug|Any CPU.ActiveCfg = Debug|Any CPU
		{21B81BFF-FF3C-40E3-BC8D-A2753E9CFDF5}.Debug|Any CPU.Build.0 = Debug|Any CPU
		{21B81BFF-FF3C-40E3-BC8D-A2753E9CFDF5}.Release|Any CPU.ActiveCfg = Release|Any CPU
		{21B81BFF-FF3C-40E3-BC8D-A2753E9CFDF5}.Release|Any CPU.Build.0 = Release|Any CPU
		{55D24A85-28D9-444C-AD62-2D19EF0BA185}.Debug|Any CPU.ActiveCfg = Debug|Any CPU
		{55D24A85-28D9-444C-AD62-2D19EF0BA185}.Debug|Any CPU.Build.0 = Debug|Any CPU
		{55D24A85-28D9-444C-AD62-2D19EF0BA185}.Release|Any CPU.ActiveCfg = Release|Any CPU
		{55D24A85-28D9-444C-AD62-2D19EF0BA185}.Release|Any CPU.Build.0 = Release|Any CPU
		{8C0B9B16-E0E0-4CAF-ACAA-7B27293A0D41}.Debug|Any CPU.ActiveCfg = Debug|Any CPU
		{8C0B9B16-E0E0-4CAF-ACAA-7B27293A0D41}.Debug|Any CPU.Build.0 = Debug|Any CPU
		{8C0B9B16-E0E0-4CAF-ACAA-7B27293A0D41}.Release|Any CPU.ActiveCfg = Release|Any CPU
		{8C0B9B16-E0E0-4CAF-ACAA-7B27293A0D41}.Release|Any CPU.Build.0 = Release|Any CPU
	EndGlobalSection
	GlobalSection(SolutionProperties) = preSolution
		HideSolutionNode = FALSE
	EndGlobalSection
	GlobalSection(NestedProjects) = preSolution
		{FBAC3A45-AAAC-4ED3-84ED-F7118E8D7C2F} = {C499B8A0-18D7-4B86-8BD5-28E3D91B92C8}
		{D8F33CFF-D4F7-4074-9FA3-1919A6A9A7E7} = {FBAC3A45-AAAC-4ED3-84ED-F7118E8D7C2F}
		{4F34B400-E0B1-4877-AE8E-F7CC4BA6EFC4} = {C499B8A0-18D7-4B86-8BD5-28E3D91B92C8}
		{39E974F6-EC37-4F16-A1DD-3849CCF090FD} = {4F34B400-E0B1-4877-AE8E-F7CC4BA6EFC4}
		{7BCD4DB3-08B6-49F9-9068-E86B1634E66D} = {FBAC3A45-AAAC-4ED3-84ED-F7118E8D7C2F}
		{A8294693-096A-4AF4-A900-708BE96D8ACB} = {7BCD4DB3-08B6-49F9-9068-E86B1634E66D}
		{8A1FBFF6-AE95-4B29-9C97-F965E10120C8} = {7BCD4DB3-08B6-49F9-9068-E86B1634E66D}
		{804D7875-9691-45EC-8AEE-1E2B044B703E} = {C499B8A0-18D7-4B86-8BD5-28E3D91B92C8}
		{D592E1A5-2B91-417C-B5A5-0067D48ABCA2} = {804D7875-9691-45EC-8AEE-1E2B044B703E}
		{21B81BFF-FF3C-40E3-BC8D-A2753E9CFDF5} = {804D7875-9691-45EC-8AEE-1E2B044B703E}
		{55D24A85-28D9-444C-AD62-2D19EF0BA185} = {804D7875-9691-45EC-8AEE-1E2B044B703E}
		{8C0B9B16-E0E0-4CAF-ACAA-7B27293A0D41} = {4F34B400-E0B1-4877-AE8E-F7CC4BA6EFC4}
	EndGlobalSection
	GlobalSection(ExtensibilityGlobals) = postSolution
		SolutionGuid = {5CECEBBA-9BAE-4B0A-A122-EE49495008B2}
	EndGlobalSection
EndGlobal
